
Microsoft Visual Studio Solution File, Format Version 12.00
# Visual Studio Version 17
VisualStudioVersion = 17.7.34031.279
MinimumVisualStudioVersion = 10.0.40219.1
Project("{8BC9CEB8-8B4A-11D0-8D11-00A0C91BC942}") = "Engine", "Engine\Engine.vcxproj", "{C046F0C6-0F32-4029-B6DA-5FA7107ADA15}"
EndProject
Project("{8BC9CEB8-8B4A-11D0-8D11-00A0C91BC942}") = "SandBox", "SandBox\SandBox.vcxproj", "{89F7E38E-3B59-4559-8DC9-E3AD6A496802}"
EndProject
Global
	GlobalSection(SolutionConfigurationPlatforms) = preSolution
		Debug|x64 = Debug|x64
		Debug|x86 = Debug|x86
		Release|x64 = Release|x64
		Release|x86 = Release|x86
	EndGlobalSection
	GlobalSection(ProjectConfigurationPlatforms) = postSolution
		{C046F0C6-0F32-4029-B6DA-5FA7107ADA15}.Debug|x64.ActiveCfg = Debug|x64
		{C046F0C6-0F32-4029-B6DA-5FA7107ADA15}.Debug|x64.Build.0 = Debug|x64
		{C046F0C6-0F32-4029-B6DA-5FA7107ADA15}.Debug|x86.ActiveCfg = Debug|Win32
		{C046F0C6-0F32-4029-B6DA-5FA7107ADA15}.Debug|x86.Build.0 = Debug|Win32
		{C046F0C6-0F32-4029-B6DA-5FA7107ADA15}.Release|x64.ActiveCfg = Release|x64
		{C046F0C6-0F32-4029-B6DA-5FA7107ADA15}.Release|x64.Build.0 = Release|x64
		{C046F0C6-0F32-4029-B6DA-5FA7107ADA15}.Release|x86.ActiveCfg = Release|Win32
		{C046F0C6-0F32-4029-B6DA-5FA7107ADA15}.Release|x86.Build.0 = Release|Win32
		{89F7E38E-3B59-4559-8DC9-E3AD6A496802}.Debug|x64.ActiveCfg = Debug|x64
		{89F7E38E-3B59-4559-8DC9-E3AD6A496802}.Debug|x64.Build.0 = Debug|x64
		{89F7E38E-3B59-4559-8DC9-E3AD6A496802}.Debug|x86.ActiveCfg = Debug|Win32
		{89F7E38E-3B59-4559-8DC9-E3AD6A496802}.Debug|x86.Build.0 = Debug|Win32
		{89F7E38E-3B59-4559-8DC9-E3AD6A496802}.Release|x64.ActiveCfg = Release|x64
		{89F7E38E-3B59-4559-8DC9-E3AD6A496802}.Release|x64.Build.0 = Release|x64
		{89F7E38E-3B59-4559-8DC9-E3AD6A496802}.Release|x86.ActiveCfg = Release|Win32
		{89F7E38E-3B59-4559-8DC9-E3AD6A496802}.Release|x86.Build.0 = Release|Win32
	EndGlobalSection
	GlobalSection(SolutionProperties) = preSolution
		HideSolutionNode = FALSE
	EndGlobalSection
	GlobalSection(ExtensibilityGlobals) = postSolution
		SolutionGuid = {9EC62B70-E6DC-4A53-9080-8CDBF08C70AB}
	EndGlobalSection
EndGlobal
